// !$*UTF8*$!
{
	archiveVersion = 1;
	classes = {
	};
	objectVersion = 50;
	objects = {

/* Begin PBXBuildFile section */
		50FAE11423F0DA54009310FD /* AppDelegate.swift in Sources */ = {isa = PBXBuildFile; fileRef = 50FAE11323F0DA54009310FD /* AppDelegate.swift */; };
		50FAE11623F0DA54009310FD /* ContentView.swift in Sources */ = {isa = PBXBuildFile; fileRef = 50FAE11523F0DA54009310FD /* ContentView.swift */; };
		50FAE11823F0DA57009310FD /* Assets.xcassets in Resources */ = {isa = PBXBuildFile; fileRef = 50FAE11723F0DA57009310FD /* Assets.xcassets */; };
		50FAE11B23F0DA57009310FD /* Preview Assets.xcassets in Resources */ = {isa = PBXBuildFile; fileRef = 50FAE11A23F0DA57009310FD /* Preview Assets.xcassets */; };
		50FAE11E23F0DA57009310FD /* Main.storyboard in Resources */ = {isa = PBXBuildFile; fileRef = 50FAE11C23F0DA57009310FD /* Main.storyboard */; };
		50FAE12A23F0DA58009310FD /* StrawTests.swift in Sources */ = {isa = PBXBuildFile; fileRef = 50FAE12923F0DA58009310FD /* StrawTests.swift */; };
/* End PBXBuildFile section */

/* Begin PBXContainerItemProxy section */
		50FAE12623F0DA58009310FD /* PBXContainerItemProxy */ = {
			isa = PBXContainerItemProxy;
			containerPortal = 50FAE10823F0DA54009310FD /* Project object */;
			proxyType = 1;
			remoteGlobalIDString = 50FAE10F23F0DA54009310FD;
			remoteInfo = Straw;
		};
/* End PBXContainerItemProxy section */

/* Begin PBXFileReference section */
		50FAE11023F0DA54009310FD /* Straw.app */ = {isa = PBXFileReference; explicitFileType = wrapper.application; includeInIndex = 0; path = Straw.app; sourceTree = BUILT_PRODUCTS_DIR; };
		50FAE11323F0DA54009310FD /* AppDelegate.swift */ = {isa = PBXFileReference; lastKnownFileType = sourcecode.swift; path = AppDelegate.swift; sourceTree = "<group>"; };
		50FAE11523F0DA54009310FD /* ContentView.swift */ = {isa = PBXFileReference; lastKnownFileType = sourcecode.swift; path = ContentView.swift; sourceTree = "<group>"; };
		50FAE11723F0DA57009310FD /* Assets.xcassets */ = {isa = PBXFileReference; lastKnownFileType = folder.assetcatalog; path = Assets.xcassets; sourceTree = "<group>"; };
		50FAE11A23F0DA57009310FD /* Preview Assets.xcassets */ = {isa = PBXFileReference; lastKnownFileType = folder.assetcatalog; path = "Preview Assets.xcassets"; sourceTree = "<group>"; };
		50FAE11D23F0DA57009310FD /* Base */ = {isa = PBXFileReference; lastKnownFileType = file.storyboard; name = Base; path = Base.lproj/Main.storyboard; sourceTree = "<group>"; };
		50FAE11F23F0DA58009310FD /* Info.plist */ = {isa = PBXFileReference; lastKnownFileType = text.plist.xml; path = Info.plist; sourceTree = "<group>"; };
		50FAE12023F0DA58009310FD /* Straw.entitlements */ = {isa = PBXFileReference; lastKnownFileType = text.plist.entitlements; path = Straw.entitlements; sourceTree = "<group>"; };
		50FAE12523F0DA58009310FD /* StrawTests.xctest */ = {isa = PBXFileReference; explicitFileType = wrapper.cfbundle; includeInIndex = 0; path = StrawTests.xctest; sourceTree = BUILT_PRODUCTS_DIR; };
		50FAE12923F0DA58009310FD /* StrawTests.swift */ = {isa = PBXFileReference; lastKnownFileType = sourcecode.swift; path = StrawTests.swift; sourceTree = "<group>"; };
		50FAE12B23F0DA58009310FD /* Info.plist */ = {isa = PBXFileReference; lastKnownFileType = text.plist.xml; path = Info.plist; sourceTree = "<group>"; };
/* End PBXFileReference section */

/* Begin PBXFrameworksBuildPhase section */
		50FAE10D23F0DA54009310FD /* Frameworks */ = {
			isa = PBXFrameworksBuildPhase;
			buildActionMask = 2147483647;
			files = (
			);
			runOnlyForDeploymentPostprocessing = 0;
		};
		50FAE12223F0DA58009310FD /* Frameworks */ = {
			isa = PBXFrameworksBuildPhase;
			buildActionMask = 2147483647;
			files = (
			);
			runOnlyForDeploymentPostprocessing = 0;
		};
/* End PBXFrameworksBuildPhase section */

/* Begin PBXGroup section */
		50FAE10723F0DA54009310FD = {
			isa = PBXGroup;
			children = (
				50FAE11223F0DA54009310FD /* Straw */,
				50FAE12823F0DA58009310FD /* StrawTests */,
				50FAE11123F0DA54009310FD /* Products */,
			);
			sourceTree = "<group>";
		};
		50FAE11123F0DA54009310FD /* Products */ = {
			isa = PBXGroup;
			children = (
				50FAE11023F0DA54009310FD /* Straw.app */,
				50FAE12523F0DA58009310FD /* StrawTests.xctest */,
			);
			name = Products;
			sourceTree = "<group>";
		};
		50FAE11223F0DA54009310FD /* Straw */ = {
			isa = PBXGroup;
			children = (
				50FAE11323F0DA54009310FD /* AppDelegate.swift */,
				50FAE11523F0DA54009310FD /* ContentView.swift */,
				50FAE11723F0DA57009310FD /* Assets.xcassets */,
				50FAE11C23F0DA57009310FD /* Main.storyboard */,
				50FAE11F23F0DA58009310FD /* Info.plist */,
				50FAE12023F0DA58009310FD /* Straw.entitlements */,
				50FAE11923F0DA57009310FD /* Preview Content */,
			);
			path = Straw;
			sourceTree = "<group>";
		};
		50FAE11923F0DA57009310FD /* Preview Content */ = {
			isa = PBXGroup;
			children = (
				50FAE11A23F0DA57009310FD /* Preview Assets.xcassets */,
			);
			path = "Preview Content";
			sourceTree = "<group>";
		};
		50FAE12823F0DA58009310FD /* StrawTests */ = {
			isa = PBXGroup;
			children = (
				50FAE12923F0DA58009310FD /* StrawTests.swift */,
				50FAE12B23F0DA58009310FD /* Info.plist */,
			);
			path = StrawTests;
			sourceTree = "<group>";
		};
/* End PBXGroup section */

/* Begin PBXNativeTarget section */
		50FAE10F23F0DA54009310FD /* Straw */ = {
			isa = PBXNativeTarget;
			buildConfigurationList = 50FAE12E23F0DA58009310FD /* Build configuration list for PBXNativeTarget "Straw" */;
			buildPhases = (
				50FAE10C23F0DA54009310FD /* Sources */,
				50FAE10D23F0DA54009310FD /* Frameworks */,
				50FAE10E23F0DA54009310FD /* Resources */,
			);
			buildRules = (
			);
			dependencies = (
			);
			name = Straw;
			productName = Straw;
			productReference = 50FAE11023F0DA54009310FD /* Straw.app */;
			productType = "com.apple.product-type.application";
		};
		50FAE12423F0DA58009310FD /* StrawTests */ = {
			isa = PBXNativeTarget;
			buildConfigurationList = 50FAE13123F0DA58009310FD /* Build configuration list for PBXNativeTarget "StrawTests" */;
			buildPhases = (
				50FAE12123F0DA58009310FD /* Sources */,
				50FAE12223F0DA58009310FD /* Frameworks */,
				50FAE12323F0DA58009310FD /* Resources */,
			);
			buildRules = (
			);
			dependencies = (
				50FAE12723F0DA58009310FD /* PBXTargetDependency */,
			);
			name = StrawTests;
			productName = StrawTests;
			productReference = 50FAE12523F0DA58009310FD /* StrawTests.xctest */;
			productType = "com.apple.product-type.bundle.unit-test";
		};
/* End PBXNativeTarget section */

/* Begin PBXProject section */
		50FAE10823F0DA54009310FD /* Project object */ = {
			isa = PBXProject;
			attributes = {
				LastSwiftUpdateCheck = 1140;
				LastUpgradeCheck = 1140;
				ORGANIZATIONNAME = "Max Goedjen";
				TargetAttributes = {
					50FAE10F23F0DA54009310FD = {
						CreatedOnToolsVersion = 11.4;
					};
					50FAE12423F0DA58009310FD = {
						CreatedOnToolsVersion = 11.4;
						TestTargetID = 50FAE10F23F0DA54009310FD;
					};
				};
			};
			buildConfigurationList = 50FAE10B23F0DA54009310FD /* Build configuration list for PBXProject "Straw" */;
			compatibilityVersion = "Xcode 9.3";
			developmentRegion = en;
			hasScannedForEncodings = 0;
			knownRegions = (
				en,
				Base,
			);
			mainGroup = 50FAE10723F0DA54009310FD;
			productRefGroup = 50FAE11123F0DA54009310FD /* Products */;
			projectDirPath = "";
			projectRoot = "";
			targets = (
				50FAE10F23F0DA54009310FD /* Straw */,
				50FAE12423F0DA58009310FD /* StrawTests */,
			);
		};
/* End PBXProject section */

/* Begin PBXResourcesBuildPhase section */
		50FAE10E23F0DA54009310FD /* Resources */ = {
			isa = PBXResourcesBuildPhase;
			buildActionMask = 2147483647;
			files = (
				50FAE11E23F0DA57009310FD /* Main.storyboard in Resources */,
				50FAE11B23F0DA57009310FD /* Preview Assets.xcassets in Resources */,
				50FAE11823F0DA57009310FD /* Assets.xcassets in Resources */,
			);
			runOnlyForDeploymentPostprocessing = 0;
		};
		50FAE12323F0DA58009310FD /* Resources */ = {
			isa = PBXResourcesBuildPhase;
			buildActionMask = 2147483647;
			files = (
			);
			runOnlyForDeploymentPostprocessing = 0;
		};
/* End PBXResourcesBuildPhase section */

/* Begin PBXSourcesBuildPhase section */
		50FAE10C23F0DA54009310FD /* Sources */ = {
			isa = PBXSourcesBuildPhase;
			buildActionMask = 2147483647;
			files = (
				50FAE11623F0DA54009310FD /* ContentView.swift in Sources */,
				50FAE11423F0DA54009310FD /* AppDelegate.swift in Sources */,
			);
			runOnlyForDeploymentPostprocessing = 0;
		};
		50FAE12123F0DA58009310FD /* Sources */ = {
			isa = PBXSourcesBuildPhase;
			buildActionMask = 2147483647;
			files = (
				50FAE12A23F0DA58009310FD /* StrawTests.swift in Sources */,
			);
			runOnlyForDeploymentPostprocessing = 0;
		};
/* End PBXSourcesBuildPhase section */

/* Begin PBXTargetDependency section */
		50FAE12723F0DA58009310FD /* PBXTargetDependency */ = {
			isa = PBXTargetDependency;
			target = 50FAE10F23F0DA54009310FD /* Straw */;
			targetProxy = 50FAE12623F0DA58009310FD /* PBXContainerItemProxy */;
		};
/* End PBXTargetDependency section */

/* Begin PBXVariantGroup section */
		50FAE11C23F0DA57009310FD /* Main.storyboard */ = {
			isa = PBXVariantGroup;
			children = (
				50FAE11D23F0DA57009310FD /* Base */,
			);
			name = Main.storyboard;
			sourceTree = "<group>";
		};
/* End PBXVariantGroup section */

/* Begin XCBuildConfiguration section */
		50FAE12C23F0DA58009310FD /* Debug */ = {
			isa = XCBuildConfiguration;
			buildSettings = {
				ALWAYS_SEARCH_USER_PATHS = NO;
				CLANG_ANALYZER_NONNULL = YES;
				CLANG_ANALYZER_NUMBER_OBJECT_CONVERSION = YES_AGGRESSIVE;
				CLANG_CXX_LANGUAGE_STANDARD = "gnu++14";
				CLANG_CXX_LIBRARY = "libc++";
				CLANG_ENABLE_MODULES = YES;
				CLANG_ENABLE_OBJC_ARC = YES;
				CLANG_ENABLE_OBJC_WEAK = YES;
				CLANG_WARN_BLOCK_CAPTURE_AUTORELEASING = YES;
				CLANG_WARN_BOOL_CONVERSION = YES;
				CLANG_WARN_COMMA = YES;
				CLANG_WARN_CONSTANT_CONVERSION = YES;
				CLANG_WARN_DEPRECATED_OBJC_IMPLEMENTATIONS = YES;
				CLANG_WARN_DIRECT_OBJC_ISA_USAGE = YES_ERROR;
				CLANG_WARN_DOCUMENTATION_COMMENTS = YES;
				CLANG_WARN_EMPTY_BODY = YES;
				CLANG_WARN_ENUM_CONVERSION = YES;
				CLANG_WARN_INFINITE_RECURSION = YES;
				CLANG_WARN_INT_CONVERSION = YES;
				CLANG_WARN_NON_LITERAL_NULL_CONVERSION = YES;
				CLANG_WARN_OBJC_IMPLICIT_RETAIN_SELF = YES;
				CLANG_WARN_OBJC_LITERAL_CONVERSION = YES;
				CLANG_WARN_OBJC_ROOT_CLASS = YES_ERROR;
				CLANG_WARN_RANGE_LOOP_ANALYSIS = YES;
				CLANG_WARN_STRICT_PROTOTYPES = YES;
				CLANG_WARN_SUSPICIOUS_MOVE = YES;
				CLANG_WARN_UNGUARDED_AVAILABILITY = YES_AGGRESSIVE;
				CLANG_WARN_UNREACHABLE_CODE = YES;
				CLANG_WARN__DUPLICATE_METHOD_MATCH = YES;
				COPY_PHASE_STRIP = NO;
				DEBUG_INFORMATION_FORMAT = dwarf;
				ENABLE_STRICT_OBJC_MSGSEND = YES;
				ENABLE_TESTABILITY = YES;
				GCC_C_LANGUAGE_STANDARD = gnu11;
				GCC_DYNAMIC_NO_PIC = NO;
				GCC_NO_COMMON_BLOCKS = YES;
				GCC_OPTIMIZATION_LEVEL = 0;
				GCC_PREPROCESSOR_DEFINITIONS = (
					"DEBUG=1",
					"$(inherited)",
				);
				GCC_WARN_64_TO_32_BIT_CONVERSION = YES;
				GCC_WARN_ABOUT_RETURN_TYPE = YES_ERROR;
				GCC_WARN_UNDECLARED_SELECTOR = YES;
				GCC_WARN_UNINITIALIZED_AUTOS = YES_AGGRESSIVE;
				GCC_WARN_UNUSED_FUNCTION = YES;
				GCC_WARN_UNUSED_VARIABLE = YES;
				MACOSX_DEPLOYMENT_TARGET = 10.15;
				MTL_ENABLE_DEBUG_INFO = INCLUDE_SOURCE;
				MTL_FAST_MATH = YES;
				ONLY_ACTIVE_ARCH = YES;
				SDKROOT = macosx;
				SWIFT_ACTIVE_COMPILATION_CONDITIONS = DEBUG;
				SWIFT_OPTIMIZATION_LEVEL = "-Onone";
			};
			name = Debug;
		};
		50FAE12D23F0DA58009310FD /* Release */ = {
			isa = XCBuildConfiguration;
			buildSettings = {
				ALWAYS_SEARCH_USER_PATHS = NO;
				CLANG_ANALYZER_NONNULL = YES;
				CLANG_ANALYZER_NUMBER_OBJECT_CONVERSION = YES_AGGRESSIVE;
				CLANG_CXX_LANGUAGE_STANDARD = "gnu++14";
				CLANG_CXX_LIBRARY = "libc++";
				CLANG_ENABLE_MODULES = YES;
				CLANG_ENABLE_OBJC_ARC = YES;
				CLANG_ENABLE_OBJC_WEAK = YES;
				CLANG_WARN_BLOCK_CAPTURE_AUTORELEASING = YES;
				CLANG_WARN_BOOL_CONVERSION = YES;
				CLANG_WARN_COMMA = YES;
				CLANG_WARN_CONSTANT_CONVERSION = YES;
				CLANG_WARN_DEPRECATED_OBJC_IMPLEMENTATIONS = YES;
				CLANG_WARN_DIRECT_OBJC_ISA_USAGE = YES_ERROR;
				CLANG_WARN_DOCUMENTATION_COMMENTS = YES;
				CLANG_WARN_EMPTY_BODY = YES;
				CLANG_WARN_ENUM_CONVERSION = YES;
				CLANG_WARN_INFINITE_RECURSION = YES;
				CLANG_WARN_INT_CONVERSION = YES;
				CLANG_WARN_NON_LITERAL_NULL_CONVERSION = YES;
				CLANG_WARN_OBJC_IMPLICIT_RETAIN_SELF = YES;
				CLANG_WARN_OBJC_LITERAL_CONVERSION = YES;
				CLANG_WARN_OBJC_ROOT_CLASS = YES_ERROR;
				CLANG_WARN_RANGE_LOOP_ANALYSIS = YES;
				CLANG_WARN_STRICT_PROTOTYPES = YES;
				CLANG_WARN_SUSPICIOUS_MOVE = YES;
				CLANG_WARN_UNGUARDED_AVAILABILITY = YES_AGGRESSIVE;
				CLANG_WARN_UNREACHABLE_CODE = YES;
				CLANG_WARN__DUPLICATE_METHOD_MATCH = YES;
				COPY_PHASE_STRIP = NO;
				DEBUG_INFORMATION_FORMAT = "dwarf-with-dsym";
				ENABLE_NS_ASSERTIONS = NO;
				ENABLE_STRICT_OBJC_MSGSEND = YES;
				GCC_C_LANGUAGE_STANDARD = gnu11;
				GCC_NO_COMMON_BLOCKS = YES;
				GCC_WARN_64_TO_32_BIT_CONVERSION = YES;
				GCC_WARN_ABOUT_RETURN_TYPE = YES_ERROR;
				GCC_WARN_UNDECLARED_SELECTOR = YES;
				GCC_WARN_UNINITIALIZED_AUTOS = YES_AGGRESSIVE;
				GCC_WARN_UNUSED_FUNCTION = YES;
				GCC_WARN_UNUSED_VARIABLE = YES;
				MACOSX_DEPLOYMENT_TARGET = 10.15;
				MTL_ENABLE_DEBUG_INFO = NO;
				MTL_FAST_MATH = YES;
				SDKROOT = macosx;
				SWIFT_COMPILATION_MODE = wholemodule;
				SWIFT_OPTIMIZATION_LEVEL = "-O";
			};
			name = Release;
		};
		50FAE12F23F0DA58009310FD /* Debug */ = {
			isa = XCBuildConfiguration;
			buildSettings = {
				ASSETCATALOG_COMPILER_APPICON_NAME = AppIcon;
				CODE_SIGN_ENTITLEMENTS = Straw/Straw.entitlements;
				CODE_SIGN_STYLE = Automatic;
				COMBINE_HIDPI_IMAGES = YES;
				DEVELOPMENT_ASSET_PATHS = "\"Straw/Preview Content\"";
				DEVELOPMENT_TEAM = Z72PRUAWF6;
				ENABLE_HARDENED_RUNTIME = YES;
				ENABLE_PREVIEWS = YES;
				INFOPLIST_FILE = Straw/Info.plist;
				LD_RUNPATH_SEARCH_PATHS = (
					"$(inherited)",
					"@executable_path/../Frameworks",
				);
				MACOSX_DEPLOYMENT_TARGET = 10.15;
				PRODUCT_BUNDLE_IDENTIFIER = com.maxgoedjen.straw;
				PRODUCT_NAME = "$(TARGET_NAME)";
				SWIFT_VERSION = 5.0;
			};
			name = Debug;
		};
		50FAE13023F0DA58009310FD /* Release */ = {
			isa = XCBuildConfiguration;
			buildSettings = {
				ASSETCATALOG_COMPILER_APPICON_NAME = AppIcon;
				CODE_SIGN_ENTITLEMENTS = Straw/Straw.entitlements;
				CODE_SIGN_STYLE = Automatic;
				COMBINE_HIDPI_IMAGES = YES;
				DEVELOPMENT_ASSET_PATHS = "\"Straw/Preview Content\"";
				DEVELOPMENT_TEAM = Z72PRUAWF6;
				ENABLE_HARDENED_RUNTIME = YES;
				ENABLE_PREVIEWS = YES;
				INFOPLIST_FILE = Straw/Info.plist;
				LD_RUNPATH_SEARCH_PATHS = (
					"$(inherited)",
					"@executable_path/../Frameworks",
				);
				MACOSX_DEPLOYMENT_TARGET = 10.15;
				PRODUCT_BUNDLE_IDENTIFIER = com.maxgoedjen.straw;
				PRODUCT_NAME = "$(TARGET_NAME)";
				SWIFT_VERSION = 5.0;
			};
			name = Release;
		};
		50FAE13223F0DA58009310FD /* Debug */ = {
			isa = XCBuildConfiguration;
			buildSettings = {
				ALWAYS_EMBED_SWIFT_STANDARD_LIBRARIES = YES;
				BUNDLE_LOADER = "$(TEST_HOST)";
				CODE_SIGN_STYLE = Automatic;
				COMBINE_HIDPI_IMAGES = YES;
				DEVELOPMENT_TEAM = Z72PRUAWF6;
				INFOPLIST_FILE = StrawTests/Info.plist;
				LD_RUNPATH_SEARCH_PATHS = (
					"$(inherited)",
					"@executable_path/../Frameworks",
					"@loader_path/../Frameworks",
				);
				MACOSX_DEPLOYMENT_TARGET = 10.15;
				PRODUCT_BUNDLE_IDENTIFIER = com.maxgoedjen.StrawTests;
				PRODUCT_NAME = "$(TARGET_NAME)";
				SWIFT_VERSION = 5.0;
				TEST_HOST = "$(BUILT_PRODUCTS_DIR)/Straw.app/Contents/MacOS/Straw";
			};
			name = Debug;
		};
		50FAE13323F0DA58009310FD /* Release */ = {
			isa = XCBuildConfiguration;
			buildSettings = {
				ALWAYS_EMBED_SWIFT_STANDARD_LIBRARIES = YES;
				BUNDLE_LOADER = "$(TEST_HOST)";
				CODE_SIGN_STYLE = Automatic;
				COMBINE_HIDPI_IMAGES = YES;
				DEVELOPMENT_TEAM = Z72PRUAWF6;
				INFOPLIST_FILE = StrawTests/Info.plist;
				LD_RUNPATH_SEARCH_PATHS = (
					"$(inherited)",
					"@executable_path/../Frameworks",
					"@loader_path/../Frameworks",
				);
				MACOSX_DEPLOYMENT_TARGET = 10.15;
				PRODUCT_BUNDLE_IDENTIFIER = com.maxgoedjen.StrawTests;
				PRODUCT_NAME = "$(TARGET_NAME)";
				SWIFT_VERSION = 5.0;
				TEST_HOST = "$(BUILT_PRODUCTS_DIR)/Straw.app/Contents/MacOS/Straw";
			};
			name = Release;
		};
/* End XCBuildConfiguration section */

/* Begin XCConfigurationList section */
		50FAE10B23F0DA54009310FD /* Build configuration list for PBXProject "Straw" */ = {
			isa = XCConfigurationList;
			buildConfigurations = (
				50FAE12C23F0DA58009310FD /* Debug */,
				50FAE12D23F0DA58009310FD /* Release */,
			);
			defaultConfigurationIsVisible = 0;
			defaultConfigurationName = Release;
		};
		50FAE12E23F0DA58009310FD /* Build configuration list for PBXNativeTarget "Straw" */ = {
			isa = XCConfigurationList;
			buildConfigurations = (
				50FAE12F23F0DA58009310FD /* Debug */,
				50FAE13023F0DA58009310FD /* Release */,
			);
			defaultConfigurationIsVisible = 0;
			defaultConfigurationName = Release;
		};
		50FAE13123F0DA58009310FD /* Build configuration list for PBXNativeTarget "StrawTests" */ = {
			isa = XCConfigurationList;
			buildConfigurations = (
				50FAE13223F0DA58009310FD /* Debug */,
				50FAE13323F0DA58009310FD /* Release */,
			);
			defaultConfigurationIsVisible = 0;
			defaultConfigurationName = Release;
		};
/* End XCConfigurationList section */
	};
	rootObject = 50FAE10823F0DA54009310FD /* Project object */;
}
